
Microsoft Visual Studio Solution File, Format Version 12.00
# Visual Studio Version 17
VisualStudioVersion = 17.13.35806.99 d17.13
MinimumVisualStudioVersion = 10.0.40219.1
Project("{54A90642-561A-4BB1-A94E-469ADEE60C69}") = "locklearn.client", "locklearn.client\locklearn.client.esproj", "{35F652CE-A6F4-9EFB-E492-C1196AF4245C}"
EndProject
Project("{FAE04EC0-301F-11D3-BF4B-00C04F79EFBC}") = "LockLearn.Server", "LockLearn.Server\LockLearn.Server.csproj", "{295A0635-316D-4A71-87EE-B3BA12E4A11B}"
EndProject
Global
	GlobalSection(SolutionConfigurationPlatforms) = preSolution
		Debug|Any CPU = Debug|Any CPU
		Release|Any CPU = Release|Any CPU
	EndGlobalSection
	GlobalSection(ProjectConfigurationPlatforms) = postSolution
		{35F652CE-A6F4-9EFB-E492-C1196AF4245C}.Debug|Any CPU.ActiveCfg = Debug|Any CPU
		{35F652CE-A6F4-9EFB-E492-C1196AF4245C}.Debug|Any CPU.Build.0 = Debug|Any CPU
		{35F652CE-A6F4-9EFB-E492-C1196AF4245C}.Debug|Any CPU.Deploy.0 = Debug|Any CPU
		{35F652CE-A6F4-9EFB-E492-C1196AF4245C}.Release|Any CPU.ActiveCfg = Release|Any CPU
		{35F652CE-A6F4-9EFB-E492-C1196AF4245C}.Release|Any CPU.Build.0 = Release|Any CPU
		{35F652CE-A6F4-9EFB-E492-C1196AF4245C}.Release|Any CPU.Deploy.0 = Release|Any CPU
		{295A0635-316D-4A71-87EE-B3BA12E4A11B}.Debug|Any CPU.ActiveCfg = Debug|Any CPU
		{295A0635-316D-4A71-87EE-B3BA12E4A11B}.Debug|Any CPU.Build.0 = Debug|Any CPU
		{295A0635-316D-4A71-87EE-B3BA12E4A11B}.Release|Any CPU.ActiveCfg = Release|Any CPU
		{295A0635-316D-4A71-87EE-B3BA12E4A11B}.Release|Any CPU.Build.0 = Release|Any CPU
	EndGlobalSection
	GlobalSection(SolutionProperties) = preSolution
		HideSolutionNode = FALSE
	EndGlobalSection
	GlobalSection(ExtensibilityGlobals) = postSolution
		SolutionGuid = {D1C675A4-C930-4A02-AB2A-68039EA330E8}
	EndGlobalSection
EndGlobal
